{
    "_meta": {
        "hash": {
            "sha256": "7aa932841580daa9c3ed1832ca029b6db535ea77c3e0766ad73e0aef721c9566"
        },
        "pipfile-spec": 6,
        "requires": {
            "python_version": "3.10"
        },
        "sources": [
            {
                "name": "pypi",
                "url": "https://pypi.org/simple",
                "verify_ssl": true
            }
        ]
    },
    "default": {
        "asgiref": {
            "hashes": [
                "sha256:1d2880b792ae8757289136f1db2b7b99100ce959b2aa57fd69dab783d05afac4",
                "sha256:4a29362a6acebe09bf1d6640db38c1dc3d9217c68e6f9f6204d72667fc19a424"
            ],
            "index": "pypi",
            "version": "==3.5.2"
        },
        "crispy-tailwind": {
            "hashes": [
                "sha256:0041c85b73b0a197e312ab969bd505aa1f96752a6a50324377287c2b6be3c0cb",
                "sha256:65cfcdf8dce96be37c99578e2688ed2d0067e6ff633baaf657358b3b3be052c7"
            ],
            "index": "pypi",
            "version": "==0.5.0"
        },
        "django": {
            "hashes": [
                "sha256:bceb0fe1a386781af0788cae4108622756cd05e7775448deec04a71ddf87685d",
                "sha256:c6fe7ebe7c017fe59f1029821dae0acb5a2ddcd6c9a0138fd20a8bfefac914bc"
            ],
            "index": "pypi",
            "version": "==4.1.6"
        },
        "django-crispy-forms": {
            "hashes": [
                "sha256:35887b8851a931374dd697207a8f56c57a9c5cb9dbf0b9fa54314da5666cea5b",
                "sha256:bc4d2037f6de602d39c0bc452ac3029d1f5d65e88458872cc4dbc01c3a400604"
            ],
            "index": "pypi",
            "version": "==1.14.0"
        },
        "django-extra-views": {
            "hashes": [
                "sha256:2b9daf99c79e91035aa3f269232afcb3ccf837f0f49f2dc6da6916fe34bc1e0a"
            ],
            "index": "pypi",
            "version": "==0.14.0"
        },
        "django-widget-tweaks": {
            "hashes": [
                "sha256:9bfc5c705684754a83cc81da328b39ad1b80f32bd0f4340e2a810cbab4b0c00e",
                "sha256:fe6b17d5d595c63331f300917980db2afcf71f240ab9341b954aea8f45d25b9a"
            ],
            "index": "pypi",
            "version": "==1.4.12"
        },
        "sqlparse": {
            "hashes": [
                "sha256:0323c0ec29cd52bceabc1b4d9d579e311f3e4961b98d174201d5622a23b85e34",
                "sha256:69ca804846bb114d2ec380e4360a8a340db83f0ccf3afceeb1404df028f57268"
            ],
            "index": "pypi",
            "version": "==0.4.3"
        }
    },
    "develop": {}
}
